
Microsoft Visual Studio Solution File, Format Version 12.00
# Visual Studio 15
VisualStudioVersion = 15.0.27130.2003
MinimumVisualStudioVersion = 10.0.40219.1
Project("{FAE04EC0-301F-11D3-BF4B-00C04F79EFBC}") = "FullBrickEpicDungeon", "FullBrickEpicDungeon\FullBrickEpicDungeon.csproj", "{FF3D4952-FB9C-49F9-9F49-07571EA54833}"
EndProject
Project("{9A19103F-16F7-4668-BE54-9A1E7A4F7556}") = "Roy-T.AStar", "FullBrickEpicDungeon\Libraries\AStar-master\Roy-T.AStar\Roy-T.AStar.csproj", "{B9C572AD-526E-48C0-9B64-582CD83515EB}"
EndProject
Project("{2150E333-8FDC-42A3-9474-1A3956D46DE8}") = "Solution Items", "Solution Items", "{7484E05D-3E03-498B-AA98-A49AE2D9D488}"
	ProjectSection(SolutionItems) = preProject
		FullBrickEpicDungeon\Libraries\AStar-master\LICENSE = FullBrickEpicDungeon\Libraries\AStar-master\LICENSE
		FullBrickEpicDungeon\Libraries\AStar-master\README.md = FullBrickEpicDungeon\Libraries\AStar-master\README.md
		FullBrickEpicDungeon\Libraries\AStar-master\versions.md = FullBrickEpicDungeon\Libraries\AStar-master\versions.md
	EndProjectSection
EndProject
Global
	GlobalSection(SolutionConfigurationPlatforms) = preSolution
		Debug|Any CPU = Debug|Any CPU
		Debug|x86 = Debug|x86
		Release|Any CPU = Release|Any CPU
		Release|x86 = Release|x86
	EndGlobalSection
	GlobalSection(ProjectConfigurationPlatforms) = postSolution
		{FF3D4952-FB9C-49F9-9F49-07571EA54833}.Debug|Any CPU.ActiveCfg = Debug|x86
		{FF3D4952-FB9C-49F9-9F49-07571EA54833}.Debug|Any CPU.Build.0 = Debug|x86
		{FF3D4952-FB9C-49F9-9F49-07571EA54833}.Debug|x86.ActiveCfg = Debug|x86
		{FF3D4952-FB9C-49F9-9F49-07571EA54833}.Debug|x86.Build.0 = Debug|x86
		{FF3D4952-FB9C-49F9-9F49-07571EA54833}.Release|Any CPU.ActiveCfg = Release|x86
		{FF3D4952-FB9C-49F9-9F49-07571EA54833}.Release|x86.ActiveCfg = Release|x86
		{FF3D4952-FB9C-49F9-9F49-07571EA54833}.Release|x86.Build.0 = Release|x86
		{B9C572AD-526E-48C0-9B64-582CD83515EB}.Debug|Any CPU.ActiveCfg = Debug|Any CPU
		{B9C572AD-526E-48C0-9B64-582CD83515EB}.Debug|Any CPU.Build.0 = Debug|Any CPU
		{B9C572AD-526E-48C0-9B64-582CD83515EB}.Debug|x86.ActiveCfg = Debug|Any CPU
		{B9C572AD-526E-48C0-9B64-582CD83515EB}.Debug|x86.Build.0 = Debug|Any CPU
		{B9C572AD-526E-48C0-9B64-582CD83515EB}.Release|Any CPU.ActiveCfg = Release|Any CPU
		{B9C572AD-526E-48C0-9B64-582CD83515EB}.Release|Any CPU.Build.0 = Release|Any CPU
		{B9C572AD-526E-48C0-9B64-582CD83515EB}.Release|x86.ActiveCfg = Release|Any CPU
		{B9C572AD-526E-48C0-9B64-582CD83515EB}.Release|x86.Build.0 = Release|Any CPU
	EndGlobalSection
	GlobalSection(SolutionProperties) = preSolution
		HideSolutionNode = FALSE
	EndGlobalSection
	GlobalSection(ExtensibilityGlobals) = postSolution
		SolutionGuid = {B350C9C7-EDF6-4C5F-AAA2-346A2A97FAB7}
	EndGlobalSection
EndGlobal
